
Microsoft Visual Studio Solution File, Format Version 12.00
# Visual Studio Version 16
VisualStudioVersion = 16.0.31025.194
MinimumVisualStudioVersion = 10.0.40219.1
Project("{FAE04EC0-301F-11D3-BF4B-00C04F79EFBC}") = "CitasMedicas", "CitasMedicas.csproj", "{5BF1AF40-ACCD-45F8-AE0D-D0D034B2234A}"
EndProject
Global
	GlobalSection(SolutionConfigurationPlatforms) = preSolution
		Debug|Any CPU = Debug|Any CPU
		Release|Any CPU = Release|Any CPU
	EndGlobalSection
	GlobalSection(ProjectConfigurationPlatforms) = postSolution
		{5BF1AF40-ACCD-45F8-AE0D-D0D034B2234A}.Debug|Any CPU.ActiveCfg = Debug|Any CPU
		{5BF1AF40-ACCD-45F8-AE0D-D0D034B2234A}.Debug|Any CPU.Build.0 = Debug|Any CPU
		{5BF1AF40-ACCD-45F8-AE0D-D0D034B2234A}.Release|Any CPU.ActiveCfg = Release|Any CPU
		{5BF1AF40-ACCD-45F8-AE0D-D0D034B2234A}.Release|Any CPU.Build.0 = Release|Any CPU
	EndGlobalSection
	GlobalSection(SolutionProperties) = preSolution
		HideSolutionNode = FALSE
	EndGlobalSection
	GlobalSection(ExtensibilityGlobals) = postSolution
		SolutionGuid = {58ED6E7D-6258-44C8-8B43-8E550C61C5D4}
	EndGlobalSection
EndGlobal
